{
    "_meta": {
        "hash": {
            "sha256": "11b453c78d9bea1699a968bc0d5dc29a72870f67dafd3713c0944baa23f1d397"
        },
        "pipfile-spec": 6,
        "requires": {
            "python_version": "3.9"
        },
        "sources": [
            {
                "name": "pypi",
                "url": "https://pypi.org/simple",
                "verify_ssl": true
            }
        ]
    },
    "default": {
        "asgiref": {
            "hashes": [
                "sha256:1d2880b792ae8757289136f1db2b7b99100ce959b2aa57fd69dab783d05afac4",
                "sha256:4a29362a6acebe09bf1d6640db38c1dc3d9217c68e6f9f6204d72667fc19a424"
            ],
            "index": "pypi",
            "version": "==3.5.2"
        },
        "certifi": {
            "hashes": [
                "sha256:0d9c601124e5a6ba9712dbc60d9c53c21e34f5f641fe83002317394311bdce14",
                "sha256:90c1a32f1d68f940488354e36370f6cca89f0f106db09518524c88d6ed83f382"
            ],
            "index": "pypi",
            "version": "==2022.9.24"
        },
        "charset-normalizer": {
            "hashes": [
                "sha256:5a3d016c7c547f69d6f81fb0db9449ce888b418b5b9952cc5e6e66843e9dd845",
                "sha256:83e9a75d1911279afd89352c68b45348559d1fc0506b054b346651b5e7fee29f"
            ],
            "index": "pypi",
            "version": "==2.1.1"
        },
        "click": {
            "hashes": [
                "sha256:7682dc8afb30297001674575ea00d1814d808d6a36af415a82bd481d37ba7b8e",
                "sha256:bb4d8133cb15a609f44e8213d9b391b0809795062913b383c62be0ee95b1db48"
            ],
            "index": "pypi",
            "version": "==8.1.3"
        },
        "colorama": {
            "hashes": [
                "sha256:08695f5cb7ed6e0531a20572697297273c47b8cae5a63ffc6d6ed5c201be6e44",
                "sha256:4f1d9991f5acc0ca119f9d443620b77f9d6b33703e51011c16baf57afb285fc6"
            ],
            "index": "pypi",
            "version": "==0.4.6"
        },
        "colorzero": {
            "hashes": [
                "sha256:0e60d743a6b8071498a56465f7719c96a5e92928f858bab1be2a0d606c9aa0f8",
                "sha256:e7d5a5c26cd0dc37b164ebefc609f388de24f8593b659191e12d85f8f9d5eb58"
            ],
            "index": "pypi",
            "version": "==2.0"
        },
        "cython": {
            "hashes": [
                "sha256:004387d8b94c64681ee05660d6a234e125396097726cf2f419c0fa2ac38034d6",
                "sha256:0378a14d2580dcea234d7a2dc8d75f60c091105885096e6dd5b032be97542c16",
                "sha256:03b749e4f0bbf631cee472add2806d338a7d496f8383f6fb28cc5fdc34b7fdb8",
                "sha256:05edfa51c0ff31a8df3cb291b90ca93ab499686d023b9b81c216cd3509f73def",
                "sha256:076aa8da83383e2bed0ca5f92c13a7e76e684bc41fe8e438bbed735f5b1c2731",
                "sha256:09448aadb818387160ca4d1e1b82dbb7001526b6d0bed7529c4e8ac12e3b6f4c",
                "sha256:1612d7439590ba3b8de5f907bf0e54bd8e024eafb8c59261531a7988030c182d",
                "sha256:16f2e74fcac223c53e298ecead62c353d3cffa107bea5d8232e4b2ba40781634",
                "sha256:26d8d0ededca42be50e0ac377c08408e18802b1391caa3aea045a72c1bff47ac",
                "sha256:31465dce7fd3f058d02afb98b13af962848cc607052388814428dc801cc26f57",
                "sha256:33b69ac9bbf2b93d8cae336cfe48889397a857e6ceeb5cef0b2f0b31b6c54f2b",
                "sha256:341917bdb2c95bcf8322aacfe50bbe6b4794880b16fa8b2300330520e123a5e5",
                "sha256:43eca77169f855dd04be11921a585c8854a174f30bc925257e92bc7b9197fbd2",
                "sha256:49076747b731ed78acf203666c3b3c5d664754ea01ca4527f62f6d8675703688",
                "sha256:4b3089255b6b1cc69e4b854626a41193e6acae5332263d24707976b3cb8ca644",
                "sha256:5658fa477e80d96c49d5ff011938dd4b62da9aa428f771b91f1a7c49af45aad8",
                "sha256:59f4e86b415620a097cf0ec602adf5a7ee3cc33e8220567ded96566f753483f8",
                "sha256:5e82f6b3dc2133b2e0e2c5c63d352d40a695e40cc7ed99f4cbe83334bcf9ab39",
                "sha256:6626f9691ce2093ccbcc9932f449efe3b6e1c893b556910881d177c61612e8ff",
                "sha256:75686c586e37b1fed0fe4a2c053474f96fc07da0063bbfc98023454540515d31",
                "sha256:7962a78ceb80cdec21345fb5088e675060fa65982030d446069f2d675d30e3cd",
                "sha256:9d39ee7ddef6856413f950b8959e852d83376d9db1c509505e3f4873df32aa70",
                "sha256:9f2b7c86a73db0d8dbbd885fe67f04c7b787df37a3848b9867270d3484101fbd",
                "sha256:a0ed39c63ba52edd03a39ea9d6da6f5326aaee5d333c317feba543270a1b3af5",
                "sha256:a3b27812ac9e9737026bfbb1dd47434f3e84013f430bafe1c6cbaf1cd51b5518",
                "sha256:b6c77cc24861a33714e74212abfab4e54bf42e1ad602623f193b8e369389af2f",
                "sha256:c9848a423a14e8f51bd4bbf8e2ff37031764ce66bdc7c6bc06c70d4084eb23c7",
                "sha256:d6036f6a5a0c7fb1af88889872268b15bf20dd9cefe33a6602d79ba18b8db20f",
                "sha256:d6fac2342802c30e51426828fe084ff4deb1b3387367cf98976bb2e64b6f8e45",
                "sha256:d7c98727397c2547a56aa0c3c98140f1873c69a0642edc9446c6c870d0d8a5b5",
                "sha256:d7d7beb600d5dd551e9322e1393b74286f4a3d4aa387f7bfbaccc1495a98603b",
                "sha256:ded4fd3da4dee2f4414c35214244e29befa7f6fede3e9be317e765169df2cbc7",
                "sha256:e24bd94946ffa37f30fcb865f2340fb6d429a3c7bf87b47b22f7d22e0e68a15c",
                "sha256:e9cc6af0c9c477c5e175e807dce439509934efefc24ea2da9fced7fbc8170591",
                "sha256:ed32c206e1d68056a34b21d2ec0cf0f23d338d6531476a68c73e21e20bd7bb63",
                "sha256:fdcef7abb09fd827691e3abe6fd42c6c34beaccfa0bc2df6074f0a49949df6a8"
            ],
            "index": "pypi",
            "version": "==0.29.28"
        },
        "distlib": {
            "hashes": [
                "sha256:14bad2d9b04d3a36127ac97f30b12a19268f211063d8f8ee4f47108896e11b46",
                "sha256:f35c4b692542ca110de7ef0bea44d73981caeb34ca0b9b6b2e6d7790dda8f80e"
            ],
            "index": "pypi",
            "version": "==0.3.6"
        },
        "django": {
            "hashes": [
                "sha256:074e8818b4b40acdc2369e67dcd6555d558329785408dcd25340ee98f1f1d5c4",
                "sha256:df6f5eb3c797b27c096d61494507b7634526d4ce8d7c8ca1e57a4fb19c0738a3"
            ],
            "index": "pypi",
            "version": "==3.2.10"
        },
        "django-cors-headers": {
            "hashes": [
                "sha256:37e42883b5f1f2295df6b4bba96eb2417a14a03270cb24b2a07f021cd4487cf4",
                "sha256:f9dc6b4e3f611c3199700b3e5f3398c28757dcd559c2f82932687f3d0443cfdf"
            ],
            "index": "pypi",
            "version": "==3.13.0"
        },
        "django-extensions": {
            "hashes": [
                "sha256:2a4f4d757be2563cd1ff7cfdf2e57468f5f931cc88b23cf82ca75717aae504a4",
                "sha256:421464be390289513f86cb5e18eb43e5dc1de8b4c27ba9faa3b91261b0d67e09"
            ],
            "index": "pypi",
            "version": "==3.2.1"
        },
        "djangorestframework": {
            "hashes": [
                "sha256:579a333e6256b09489cbe0a067e66abe55c6595d8926be6b99423786334350c8",
                "sha256:eb63f58c9f218e1a7d064d17a70751f528ed4e1d35547fdade9aaf4cd103fd08"
            ],
            "index": "pypi",
            "version": "==3.14.0"
        },
        "docopt": {
            "hashes": [
                "sha256:49b3a825280bd66b3aa83585ef59c4a8c82f2c8a522dbe754a8bc8d08c85c491"
            ],
            "index": "pypi",
            "version": "==0.6.2"
        },
        "filelock": {
            "hashes": [
                "sha256:55447caa666f2198c5b6b13a26d2084d26fa5b115c00d065664b2124680c4edc",
                "sha256:617eb4e5eedc82fc5f47b6d61e4d11cb837c56cb4544e39081099fa17ad109d4"
            ],
            "index": "pypi",
            "version": "==3.8.0"
        },
        "gensim": {
            "hashes": [
                "sha256:05844c82c7c176449218fd3fc31e55e5d8b3fae460f261b11231f4c8ef2ed5e0",
                "sha256:0f75a6e57ec93b9bc63b79d1cc8022993efa03b03ad50adad7a4fef78081e845",
                "sha256:1f734990fcd472a048ed38696d9f5eeda4266ced0f4f2d7bbba0c18c601e441a",
                "sha256:2418a7036a15a7e11e08f5018d9278e0a4db420b53a99fe1c4e64f683df97b4b",
                "sha256:2611b550813cd2d6abf36840a2831df791c155c4140ae1e41d7a1ef48d7fb691",
                "sha256:269504cd3b0cb2b18d421fdb641433e06b974f3d03561dd582ca696c0b63a6f6",
                "sha256:36dfb678674abdb3390cec8760307a9d038e3196d9dc4f85ad4431723c10654e",
                "sha256:47e436a06dbe6b56dd253df2e36654a24e39c6d65f78aff93efab478fac0b906",
                "sha256:5f54fbb5bf14830a0fd2d5d3e554e8627667c3254d28ebd90256bd909b2f9de3",
                "sha256:645e77e37c5cd84b4e32b35de7a3c5b82e551f8f36e19087bfc4db6a97ce4838",
                "sha256:6f08251fd7daa07ef7e8e2f15fba403b089236ac2e61fcf51f5e6cec1815829c",
                "sha256:7bafe3f2fd49738942ef04396cb1e50a38283fe02203e5d4c66588daa01fb87c",
                "sha256:87c5975a605b881eda15ebc0cd7f60011b257d2af1cb04053dc096e2d2fa42da",
                "sha256:8c3c9ed2c61c0b4fbd1ee1af45c3d9f9828213d4e8010bd40435b80ea25e7c95",
                "sha256:a1b0cd76770cb4b1378b42b5c5f2013f82bcdaddbce404fb5454881644ff6072",
                "sha256:a7747ab74d50d9f573e42fe645ab76d61037bb14f256a141503903fb5d762ff4",
                "sha256:ac562d4a02a8fe2f3c6021acd21ae027fb8d347c7dfc4872149f77ada60616c2",
                "sha256:cd8e1c062dea18032ec19be21e934f4b151e112ef90e269fbe3fea406c319724",
                "sha256:cdc71e6d0d1f983366d2f81bdb363cc3d3018b9cedb0d7cae1fdf76b353aa1fd",
                "sha256:d5dbfc6a10fcec9ef249569110b60ab1f374dad7e88e9a167ad87822371f3d59",
                "sha256:e98b493addf7ff10f33322d57dbe642a9bbdac005c9f1f1adb9c613a1b189a0f",
                "sha256:f27e7043656d3b7fdc8a6bf006e8a03883d92ce62ccfbf97aa55ad40fa017cba",
                "sha256:f6ef9459dc67cfe25976ac0d1c80b24613594c9db985310b6c2cb995955e2173",
                "sha256:f95ccb312977d2333c6dccd83644c4f89b471879ca7577e6e343f011d0d9ee16"
            ],
            "index": "pypi",
            "version": "==3.4.0"
        },
        "gpiozero": {
            "hashes": [
                "sha256:0eb95a9db372146813276f92de7f43c883a3e9fe69597fc3d29c04ef3d5d5f9e",
                "sha256:9af00b90d4fa775aa1fc023363e4aa5539844a5b0c461be5ced5cfabba364d99"
            ],
            "index": "pypi",
            "version": "==1.6.2"
        },
        "idna": {
            "hashes": [
                "sha256:814f528e8dead7d329833b91c5faa87d60bf71824cd12a7530b5526063d02cb4",
                "sha256:90b77e79eaa3eba6de819a0c442c0b4ceefc341a7a2ab77d7562bf49f425c5c2"
            ],
            "index": "pypi",
            "version": "==3.4"
        },
        "joblib": {
            "hashes": [
                "sha256:091138ed78f800342968c523bdde947e7a305b8594b910a0fea2ab83c3c6d385",
                "sha256:e1cee4a79e4af22881164f218d4311f60074197fb707e082e803b61f6d137018"
            ],
            "index": "pypi",
            "version": "==1.2.0"
        },
        "nltk": {
            "hashes": [
                "sha256:ba3de02490308b248f9b94c8bc1ac0683e9aa2ec49ee78536d8667afb5e3eec8",
                "sha256:d6507d6460cec76d70afea4242a226a7542f85c669177b9c7f562b7cf1b05502"
            ],
            "index": "pypi",
            "version": "==3.7"
        },
        "numpy": {
            "hashes": [
                "sha256:0fe563fc8ed9dc4474cbf70742673fc4391d70f4363f917599a7fa99f042d5a8",
                "sha256:12ac457b63ec8ded85d85c1e17d85efd3c2b0967ca39560b307a35a6703a4735",
                "sha256:2341f4ab6dba0834b685cce16dad5f9b6606ea8a00e6da154f5dbded70fdc4dd",
                "sha256:296d17aed51161dbad3c67ed6d164e51fcd18dbcd5dd4f9d0a9c6055dce30810",
                "sha256:488a66cb667359534bc70028d653ba1cf307bae88eab5929cd707c761ff037db",
                "sha256:4d52914c88b4930dafb6c48ba5115a96cbab40f45740239d9f4159c4ba779962",
                "sha256:5e13030f8793e9ee42f9c7d5777465a560eb78fa7e11b1c053427f2ccab90c79",
                "sha256:61be02e3bf810b60ab74e81d6d0d36246dbfb644a462458bb53b595791251911",
                "sha256:7607b598217745cc40f751da38ffd03512d33ec06f3523fb0b5f82e09f6f676d",
                "sha256:7a70a7d3ce4c0e9284e92285cba91a4a3f5214d87ee0e95928f3614a256a1488",
                "sha256:7ab46e4e7ec63c8a5e6dbf5c1b9e1c92ba23a7ebecc86c336cb7bf3bd2fb10e5",
                "sha256:8981d9b5619569899666170c7c9748920f4a5005bf79c72c07d08c8a035757b0",
                "sha256:8c053d7557a8f022ec823196d242464b6955a7e7e5015b719e76003f63f82d0f",
                "sha256:926db372bc4ac1edf81cfb6c59e2a881606b409ddc0d0920b988174b2e2a767f",
                "sha256:95d79ada05005f6f4f337d3bb9de8a7774f259341c70bc88047a1f7b96a4bcb2",
                "sha256:95de7dc7dc47a312f6feddd3da2500826defdccbc41608d0031276a24181a2c0",
                "sha256:a0882323e0ca4245eb0a3d0a74f88ce581cc33aedcfa396e415e5bba7bf05f68",
                "sha256:a8365b942f9c1a7d0f0dc974747d99dd0a0cdfc5949a33119caf05cb314682d3",
                "sha256:a8aae2fb3180940011b4862b2dd3756616841c53db9734b27bb93813cd79fce6",
                "sha256:c237129f0e732885c9a6076a537e974160482eab8f10db6292e92154d4c67d71",
                "sha256:c67b833dbccefe97cdd3f52798d430b9d3430396af7cdb2a0c32954c3ef73894",
                "sha256:ce03305dd694c4873b9429274fd41fc7eb4e0e4dea07e0af97a933b079a5814f",
                "sha256:d331afac87c92373826af83d2b2b435f57b17a5c74e6268b79355b970626e329",
                "sha256:dada341ebb79619fe00a291185bba370c9803b1e1d7051610e01ed809ef3a4ba",
                "sha256:ed2cc92af0efad20198638c69bb0fc2870a58dabfba6eb722c933b48556c686c",
                "sha256:f260da502d7441a45695199b4e7fd8ca87db659ba1c78f2bbf31f934fe76ae0e",
                "sha256:f2f390aa4da44454db40a1f0201401f9036e8d578a25f01a6e237cea238337ef",
                "sha256:f76025acc8e2114bb664294a07ede0727aa75d63a06d2fae96bf29a81747e4a7"
            ],
            "index": "pypi",
            "version": "==1.23.4"
        },
        "pipenv": {
            "hashes": [
                "sha256:18a3eba519e36d59f0d5a7f9c42bd268521e4b9b7b3d1bd6adcf131569323275",
                "sha256:dd62abe8efa34b3d13e47b226bd151a1110dc5591557c559beca7d52efb55c18"
            ],
            "index": "pypi",
            "version": "==2023.2.4"
        },
        "pipreqs": {
            "hashes": [
                "sha256:1510a91ae73ef6a8e2f24ffc8751132251cd61a01296d61538f37d1491841640",
                "sha256:c793b4e147ac437871b3a962c5ce467e129c859ece5ba79aca83c20f4d9c3aef"
            ],
            "index": "pypi",
            "version": "==0.4.11"
        },
        "platformdirs": {
            "hashes": [
                "sha256:0cb405749187a194f444c25c82ef7225232f11564721eabffc6ec70df83b11cb",
                "sha256:6e52c21afff35cb659c6e52d8b4d61b9bd544557180440538f255d9382c8cbe0"
            ],
            "index": "pypi",
            "version": "==2.5.3"
        },
        "pygame": {
            "hashes": [
                "sha256:009e9886a463f4cb86e5d11024fafb6b9a5f5808d21c4df66938922adc6ee90b",
                "sha256:06e8e4d04f8d57969689d9316bbffc7e4b9862534541535b6e892e410c4f4248",
                "sha256:0745fc99d104c71bf90c70c09a541b7922ba47391e16e9629490722fc1f3e46b",
                "sha256:0b182a6010f16571b1a92e34208ac1e9ad01a725f2fa3c1ad158c4b515ae12de",
                "sha256:0e8cb75c4cb8ae512e4f3d5410ea64359b049f7825a6e8a9010fdf5c539b8433",
                "sha256:154a0a0a953006e8ab90353055037b6710e00aa19941e2fbc1b4f0358e1a4882",
                "sha256:1758bbf986efc9f08344c7eae733f6d04f596745f737bc4c02412b809ac65d58",
                "sha256:1924826a32cc49c0d6b2e523f05e2ea608e1ff631ba595a910ddf37a8b38ee77",
                "sha256:1e083351df89cc0f9ce003cff003d420fa0362e9fd00a793c9a68fc8cd0a2e5f",
                "sha256:217072e80f470847e121b5c5658f89be35e2c1c3ab23d4126fe80fc64fd34d27",
                "sha256:21a4fbc7462d3b8bd9692a6198fb031a80a85e7ac24cfcee382901b2b57db67c",
                "sha256:240f920f846150ffb2c217d75cd1005989fbedd007df82949db361934bfa9660",
                "sha256:261fd434d869e1ae285b3ca90112d62c712fde53679e1bce3dfcee79e93f2b06",
                "sha256:2f2c3c25a1018495011dd0734df4f23ddf6e88037e884b9ecb03ef33a17c5b4c",
                "sha256:2fbbd59b95017824a9b7c3695b13f2df27a64c557c42970a6cad2e26dd5f4f31",
                "sha256:41baee1b5502b7472df0eb59af66ee347ac8ef042b08b553c85546e34daa736a",
                "sha256:45cfe97fa4de560d866f53afbf3c61136bfb4114eb585ac4b6c82c278baf2c1c",
                "sha256:4908fc837fd9f68b6cfdfeffb99b342c25cf770d76768498dc4c066c2f8b2776",
                "sha256:4ef7f1f7d37ffddee63569b5d09f693d0704b04e7c2ff5af90bf61e4cdffe6c7",
                "sha256:50934f9efc6f51d1c4408b607d34162f74ec0763628c6384e062f6bc3e97d98a",
                "sha256:55374e1afb72c6dc546fb1d9ac972de2adf642de69ec7003e66023254512f1e5",
                "sha256:5581841a9baa902d7efc243d3d03ae380f929e90d98ecccbbd49b1fa03e0a6ff",
                "sha256:5624318d189403dde7c58bdb62c340edd0faad6f18a6cf46a9f6923a66db2ba4",
                "sha256:565cccf5bf47e2ec577a0c237919aef9da66d075e982d339fae31e37734e02b8",
                "sha256:595b639fab8a1acafe78050ef71668eae0a22fb5efa022b0cd2bce26a15a371d",
                "sha256:6403f1705fc3b4fc2a51e06f3a7102cc1ed9884dc9ff5b99a4cac0d65255ad58",
                "sha256:64d37dc04a14df9519e2e87611cac6a144c6204365e3fdb0bfb86fa459e32f38",
                "sha256:6d138b15cf378b3755e1e48ea49f0f0406067ada2c176bc6489e70bc836ab72d",
                "sha256:704cb29a380b8e84d4051300e7eccd918e35cb8c44ae931fc0ec8c942e42c71f",
                "sha256:76f8207ed3feeda63df711245bec8613809b7aea71db7d0a1515268c5bd6f52d",
                "sha256:787c1f46905c2f6dd0310144fa7c61cb54d97990c477992601555edf01699f95",
                "sha256:787fff1984107da0c533d2e87c85b0082788c8b24952adf9f0bc6459be485e7f",
                "sha256:7b06978de0400276e451cbbbba80cc9566cf5663dbb8518b7ec598078440de06",
                "sha256:7cd54e859e1b626c332e254128db30e5d6d33544c10154a1ec7a052cac6a50a4",
                "sha256:867498b0ac20f5c981dcc3ee00262d06b3806b355c632f42c11f5b716ccb2ba1",
                "sha256:868ec3a2b87fdca43b4f4ef8314d4fb00c4d9ef6e732f5a9b0348ae3d015de3d",
                "sha256:8fa2701374d3125084b2fd1f9c6d056e7e0fb8ec655e46a5fa1531b7e419fa69",
                "sha256:97b0ec29c9810ca1125df013656e13a89388e5ca72fdd4d900235bceaed30349",
                "sha256:986805fbc0827bf8b8dd8c52aa4ce2fbd4475d51fe1df326bf3e788c1b9f59fd",
                "sha256:a0420eb1015abb3ebba4d29c1239010eac4d82a36b94659847d18af218293aa4",
                "sha256:a139c4290fa5227ccead2c57f6e41195c22f643e0fb7336c9da0c734c9df3cd4",
                "sha256:a9f24b4aeba86e882f3640c4251b0325f86556a5f2661bd7c9e3dc1c9fe966c6",
                "sha256:ab841fe3a4c703cc021d3bb466a9bf5df41edfa3267c44fff5bd6f47944cd4c3",
                "sha256:ad0835f1406a8589ebe7447801a47ff68c16b753d2b27193947e21c8adbac8c1",
                "sha256:af925800444941cea5e45eb94954e5335006fb1b5d35d996e22b3f616e9e0e8e",
                "sha256:b0bfcc7359308748edfe277137efd19f21e5b22373f106848d64dc048db22701",
                "sha256:b358abc054bf94fede79bb213f7ac9dd8a8737c8ac48a6bb0fa72314c147bd76",
                "sha256:b75481cc17a22679c69014ef2322d55cfa66be0923abbd9206e01ef10bb5dab6",
                "sha256:ba578c5cac85358566de3010b3f3393df3b936b310eba6811abbae5241ec19c0",
                "sha256:bc1bbb23e4f32b361956275bdde5992893981362fd37c0e62586537400bd4a4b",
                "sha256:bf1024e516fd3a3948ec45f0ad3b63e69f66c342e4678b2e04a383f735272b8f",
                "sha256:bf5b5fbb526fe76b0eb5a076b94afd29e0a91bc1ba9d6b573fad9722b7e8a5d9",
                "sha256:bfc8a0d863470ec673ff267caaff59b858e967ef78170dc04fc318a7c5f9dd33",
                "sha256:c473efee52359806d8c0a876f42ccb7ead088e7ae8f5d31e6e43f94793c943ea",
                "sha256:c9d827fbd093d5d4ef35bd9ec2994535b5f37af15860975be7e59a2d415b51c7",
                "sha256:caa4c10f79793b7be9eb1e647f84eee3e9ebb79d143d72eecaaaeb94eb44e1c1",
                "sha256:cb0493d0f7fa378fccfc65548aec92edeadbde981c964337f11c884432bfaa35",
                "sha256:cd259998a71a2f7793a4e5d5fc31493f7c7d9ec73e4320895145e7dbc1c8e48d",
                "sha256:d61bbd7a071d80706fd6337abd96484398dc04b3245e8e5df4e7c99e3676086b",
                "sha256:d9764bb10f61a1137aa1118b832417c52e53da19971f4fa94605ea5bd4acc92b",
                "sha256:df29c4369df9231eebffac801fa7af021279d7e9dc4c1cae698cc4077c98d069",
                "sha256:df450cc4342d5664accfdd895c5ee380710eaf16942722117c01deab3373bb35",
                "sha256:e18c6b0fa9e39ad3fe68e48ace92285c026ee70f05bf4dfa54a33fa89f7a0474",
                "sha256:e26c4bb679e7514a7f6c69ca8a68a495013bf46f200476d334459c44a733356f",
                "sha256:f04d89bdf7951e9fde68c7174b522befd9ae6e5c2a75d195435223df044aaacc",
                "sha256:f26e9f1385dddffe605d8afbcba1f90f81156deadbc27327dcc844eb71e24ffa",
                "sha256:f5760ea0f181c8395bc39fdb50000ce2b77d453ba4c0d98e00303a89af6ae5f0",
                "sha256:f71cfb9f161473511543ba8e713f1b34c6b00c70412ecd2d71111da82fe7f062",
                "sha256:f9fe7d817ae099f1b1fd0aac7502f7472a3ba18b068efa3dc30b5d293760565a",
                "sha256:fa8efe34b13a6bfb37e627c2b28e9967b87cd01de92cd000852e08ef8aed1cf0",
                "sha256:ff16c4cffa9958935d39eed73e5a707fc6e86b85f1ec06baf7172c555801730d"
            ],
            "index": "pypi",
            "version": "==2.1.3"
        },
        "pytz": {
            "hashes": [
                "sha256:335ab46900b1465e714b4fda4963d87363264eb662aab5e65da039c25f1f5b22",
                "sha256:c4d88f472f54d615e9cd582a5004d1e5f624854a6a27a6211591c251f22a6914"
            ],
            "index": "pypi",
            "version": "==2022.5"
        },
        "regex": {
            "hashes": [
                "sha256:052b670fafbe30966bbe5d025e90b2a491f85dfe5b2583a163b5e60a85a321ad",
                "sha256:0653d012b3bf45f194e5e6a41df9258811ac8fc395579fa82958a8b76286bea4",
                "sha256:0a069c8483466806ab94ea9068c34b200b8bfc66b6762f45a831c4baaa9e8cdd",
                "sha256:0cf0da36a212978be2c2e2e2d04bdff46f850108fccc1851332bcae51c8907cc",
                "sha256:131d4be09bea7ce2577f9623e415cab287a3c8e0624f778c1d955ec7c281bd4d",
                "sha256:144486e029793a733e43b2e37df16a16df4ceb62102636ff3db6033994711066",
                "sha256:1ddf14031a3882f684b8642cb74eea3af93a2be68893901b2b387c5fd92a03ec",
                "sha256:1eba476b1b242620c266edf6325b443a2e22b633217a9835a52d8da2b5c051f9",
                "sha256:20f61c9944f0be2dc2b75689ba409938c14876c19d02f7585af4460b6a21403e",
                "sha256:22960019a842777a9fa5134c2364efaed5fbf9610ddc5c904bd3a400973b0eb8",
                "sha256:22e7ebc231d28393dfdc19b185d97e14a0f178bedd78e85aad660e93b646604e",
                "sha256:23cbb932cc53a86ebde0fb72e7e645f9a5eec1a5af7aa9ce333e46286caef783",
                "sha256:29c04741b9ae13d1e94cf93fca257730b97ce6ea64cfe1eba11cf9ac4e85afb6",
                "sha256:2bde29cc44fa81c0a0c8686992c3080b37c488df167a371500b2a43ce9f026d1",
                "sha256:2cdc55ca07b4e70dda898d2ab7150ecf17c990076d3acd7a5f3b25cb23a69f1c",
                "sha256:370f6e97d02bf2dd20d7468ce4f38e173a124e769762d00beadec3bc2f4b3bc4",
                "sha256:395161bbdbd04a8333b9ff9763a05e9ceb4fe210e3c7690f5e68cedd3d65d8e1",
                "sha256:44136355e2f5e06bf6b23d337a75386371ba742ffa771440b85bed367c1318d1",
                "sha256:44a6c2f6374e0033873e9ed577a54a3602b4f609867794c1a3ebba65e4c93ee7",
                "sha256:4919899577ba37f505aaebdf6e7dc812d55e8f097331312db7f1aab18767cce8",
                "sha256:4b4b1fe58cd102d75ef0552cf17242705ce0759f9695334a56644ad2d83903fe",
                "sha256:4bdd56ee719a8f751cf5a593476a441c4e56c9b64dc1f0f30902858c4ef8771d",
                "sha256:4bf41b8b0a80708f7e0384519795e80dcb44d7199a35d52c15cc674d10b3081b",
                "sha256:4cac3405d8dda8bc6ed499557625585544dd5cbf32072dcc72b5a176cb1271c8",
                "sha256:4fe7fda2fe7c8890d454f2cbc91d6c01baf206fbc96d89a80241a02985118c0c",
                "sha256:50921c140561d3db2ab9f5b11c5184846cde686bb5a9dc64cae442926e86f3af",
                "sha256:5217c25229b6a85049416a5c1e6451e9060a1edcf988641e309dbe3ab26d3e49",
                "sha256:5352bea8a8f84b89d45ccc503f390a6be77917932b1c98c4cdc3565137acc714",
                "sha256:542e3e306d1669b25936b64917285cdffcd4f5c6f0247636fec037187bd93542",
                "sha256:543883e3496c8b6d58bd036c99486c3c8387c2fc01f7a342b760c1ea3158a318",
                "sha256:586b36ebda81e6c1a9c5a5d0bfdc236399ba6595e1397842fd4a45648c30f35e",
                "sha256:597f899f4ed42a38df7b0e46714880fb4e19a25c2f66e5c908805466721760f5",
                "sha256:5a260758454580f11dd8743fa98319bb046037dfab4f7828008909d0aa5292bc",
                "sha256:5aefb84a301327ad115e9d346c8e2760009131d9d4b4c6b213648d02e2abe144",
                "sha256:5e6a5567078b3eaed93558842346c9d678e116ab0135e22eb72db8325e90b453",
                "sha256:5ff525698de226c0ca743bfa71fc6b378cda2ddcf0d22d7c37b1cc925c9650a5",
                "sha256:61edbca89aa3f5ef7ecac8c23d975fe7261c12665f1d90a6b1af527bba86ce61",
                "sha256:659175b2144d199560d99a8d13b2228b85e6019b6e09e556209dfb8c37b78a11",
                "sha256:6a9a19bea8495bb419dc5d38c4519567781cd8d571c72efc6aa959473d10221a",
                "sha256:6b30bddd61d2a3261f025ad0f9ee2586988c6a00c780a2fb0a92cea2aa702c54",
                "sha256:6ffd55b5aedc6f25fd8d9f905c9376ca44fcf768673ffb9d160dd6f409bfda73",
                "sha256:702d8fc6f25bbf412ee706bd73019da5e44a8400861dfff7ff31eb5b4a1276dc",
                "sha256:74bcab50a13960f2a610cdcd066e25f1fd59e23b69637c92ad470784a51b1347",
                "sha256:75f591b2055523fc02a4bbe598aa867df9e953255f0b7f7715d2a36a9c30065c",
                "sha256:763b64853b0a8f4f9cfb41a76a4a85a9bcda7fdda5cb057016e7706fde928e66",
                "sha256:76c598ca73ec73a2f568e2a72ba46c3b6c8690ad9a07092b18e48ceb936e9f0c",
                "sha256:78d680ef3e4d405f36f0d6d1ea54e740366f061645930072d39bca16a10d8c93",
                "sha256:7b280948d00bd3973c1998f92e22aa3ecb76682e3a4255f33e1020bd32adf443",
                "sha256:7db345956ecce0c99b97b042b4ca7326feeec6b75facd8390af73b18e2650ffc",
                "sha256:7dbdce0c534bbf52274b94768b3498abdf675a691fec5f751b6057b3030f34c1",
                "sha256:7ef6b5942e6bfc5706301a18a62300c60db9af7f6368042227ccb7eeb22d0892",
                "sha256:7f5a3ffc731494f1a57bd91c47dc483a1e10048131ffb52d901bfe2beb6102e8",
                "sha256:8a45b6514861916c429e6059a55cf7db74670eaed2052a648e3e4d04f070e001",
                "sha256:8ad241da7fac963d7573cc67a064c57c58766b62a9a20c452ca1f21050868dfa",
                "sha256:8b0886885f7323beea6f552c28bff62cbe0983b9fbb94126531693ea6c5ebb90",
                "sha256:8ca88da1bd78990b536c4a7765f719803eb4f8f9971cc22d6ca965c10a7f2c4c",
                "sha256:8e0caeff18b96ea90fc0eb6e3bdb2b10ab5b01a95128dfeccb64a7238decf5f0",
                "sha256:957403a978e10fb3ca42572a23e6f7badff39aa1ce2f4ade68ee452dc6807692",
                "sha256:9af69f6746120998cd9c355e9c3c6aec7dff70d47247188feb4f829502be8ab4",
                "sha256:9c94f7cc91ab16b36ba5ce476f1904c91d6c92441f01cd61a8e2729442d6fcf5",
                "sha256:a37d51fa9a00d265cf73f3de3930fa9c41548177ba4f0faf76e61d512c774690",
                "sha256:a3a98921da9a1bf8457aeee6a551948a83601689e5ecdd736894ea9bbec77e83",
                "sha256:a3c1ebd4ed8e76e886507c9eddb1a891673686c813adf889b864a17fafcf6d66",
                "sha256:a5f9505efd574d1e5b4a76ac9dd92a12acb2b309551e9aa874c13c11caefbe4f",
                "sha256:a8ff454ef0bb061e37df03557afda9d785c905dab15584860f982e88be73015f",
                "sha256:a9d0b68ac1743964755ae2d89772c7e6fb0118acd4d0b7464eaf3921c6b49dd4",
                "sha256:aa62a07ac93b7cb6b7d0389d8ef57ffc321d78f60c037b19dfa78d6b17c928ee",
                "sha256:ac741bf78b9bb432e2d314439275235f41656e189856b11fb4e774d9f7246d81",
                "sha256:ae1e96785696b543394a4e3f15f3f225d44f3c55dafe3f206493031419fedf95",
                "sha256:b683e5fd7f74fb66e89a1ed16076dbab3f8e9f34c18b1979ded614fe10cdc4d9",
                "sha256:b7a8b43ee64ca8f4befa2bea4083f7c52c92864d8518244bfa6e88c751fa8fff",
                "sha256:b8e38472739028e5f2c3a4aded0ab7eadc447f0d84f310c7a8bb697ec417229e",
                "sha256:bfff48c7bd23c6e2aec6454aaf6edc44444b229e94743b34bdcdda2e35126cf5",
                "sha256:c14b63c9d7bab795d17392c7c1f9aaabbffd4cf4387725a0ac69109fb3b550c6",
                "sha256:c27cc1e4b197092e50ddbf0118c788d9977f3f8f35bfbbd3e76c1846a3443df7",
                "sha256:c28d3309ebd6d6b2cf82969b5179bed5fefe6142c70f354ece94324fa11bf6a1",
                "sha256:c670f4773f2f6f1957ff8a3962c7dd12e4be54d05839b216cb7fd70b5a1df394",
                "sha256:ce6910b56b700bea7be82c54ddf2e0ed792a577dfaa4a76b9af07d550af435c6",
                "sha256:d0213671691e341f6849bf33cd9fad21f7b1cb88b89e024f33370733fec58742",
                "sha256:d03fe67b2325cb3f09be029fd5da8df9e6974f0cde2c2ac6a79d2634e791dd57",
                "sha256:d0e5af9a9effb88535a472e19169e09ce750c3d442fb222254a276d77808620b",
                "sha256:d243b36fbf3d73c25e48014961e83c19c9cc92530516ce3c43050ea6276a2ab7",
                "sha256:d26166acf62f731f50bdd885b04b38828436d74e8e362bfcb8df221d868b5d9b",
                "sha256:d403d781b0e06d2922435ce3b8d2376579f0c217ae491e273bab8d092727d244",
                "sha256:d8716f82502997b3d0895d1c64c3b834181b1eaca28f3f6336a71777e437c2af",
                "sha256:e4f781ffedd17b0b834c8731b75cce2639d5a8afe961c1e58ee7f1f20b3af185",
                "sha256:e613a98ead2005c4ce037c7b061f2409a1a4e45099edb0ef3200ee26ed2a69a8",
                "sha256:ef4163770525257876f10e8ece1cf25b71468316f61451ded1a6f44273eedeb5"
            ],
            "index": "pypi",
            "version": "==2022.10.31"
        },
        "requests": {
            "hashes": [
                "sha256:7c5599b102feddaa661c826c56ab4fee28bfd17f5abca1ebbe3e7f19d7c97983",
                "sha256:8fefa2a1a1365bf5520aac41836fbee479da67864514bdb821f31ce07ce65349"
            ],
            "index": "pypi",
            "version": "==2.28.1"
        },
        "scipy": {
            "hashes": [
                "sha256:06d2e1b4c491dc7d8eacea139a1b0b295f74e1a1a0f704c375028f8320d16e31",
                "sha256:0d54222d7a3ba6022fdf5773931b5d7c56efe41ede7f7128c7b1637700409108",
                "sha256:1884b66a54887e21addf9c16fb588720a8309a57b2e258ae1c7986d4444d3bc0",
                "sha256:1a72d885fa44247f92743fc20732ae55564ff2a519e8302fb7e18717c5355a8b",
                "sha256:2318bef588acc7a574f5bfdff9c172d0b1bf2c8143d9582e05f878e580a3781e",
                "sha256:4db5b30849606a95dcf519763dd3ab6fe9bd91df49eba517359e450a7d80ce2e",
                "sha256:545c83ffb518094d8c9d83cce216c0c32f8c04aaf28b92cc8283eda0685162d5",
                "sha256:5a04cd7d0d3eff6ea4719371cbc44df31411862b9646db617c99718ff68d4840",
                "sha256:5b88e6d91ad9d59478fafe92a7c757d00c59e3bdc3331be8ada76a4f8d683f58",
                "sha256:68239b6aa6f9c593da8be1509a05cb7f9efe98b80f43a5861cd24c7557e98523",
                "sha256:83b89e9586c62e787f5012e8475fbb12185bafb996a03257e9675cd73d3736dd",
                "sha256:83c06e62a390a9167da60bedd4575a14c1f58ca9dfde59830fc42e5197283dab",
                "sha256:90453d2b93ea82a9f434e4e1cba043e779ff67b92f7a0e85d05d286a3625df3c",
                "sha256:abaf921531b5aeaafced90157db505e10345e45038c39e5d9b6c7922d68085cb",
                "sha256:b41bc822679ad1c9a5f023bc93f6d0543129ca0f37c1ce294dd9d386f0a21096",
                "sha256:c68db6b290cbd4049012990d7fe71a2abd9ffbe82c0056ebe0f01df8be5436b0",
                "sha256:cff3a5295234037e39500d35316a4c5794739433528310e117b8a9a0c76d20fc",
                "sha256:d01e1dd7b15bd2449c8bfc6b7cc67d630700ed655654f0dfcf121600bad205c9",
                "sha256:d644a64e174c16cb4b2e41dfea6af722053e83d066da7343f333a54dae9bc31c",
                "sha256:da8245491d73ed0a994ed9c2e380fd058ce2fa8a18da204681f2fe1f57f98f95",
                "sha256:fbc5c05c85c1a02be77b1ff591087c83bc44579c6d2bd9fb798bb64ea5e1a027"
            ],
            "index": "pypi",
            "version": "==1.9.3"
        },
        "setuptools": {
            "hashes": [
                "sha256:95f00380ef2ffa41d9bba85d95b27689d923c93dfbafed4aecd7cf988a25e012",
                "sha256:bb6d8e508de562768f2027902929f8523932fcd1fb784e6d573d2cafac995a48"
            ],
            "markers": "python_version >= '3.7'",
            "version": "==67.3.2"
        },
        "six": {
            "hashes": [
                "sha256:1e61c37477a1626458e36f7b1d82aa5c9b094fa4802892072e49de9c60c4c926",
                "sha256:8abb2f1d86890a2dfb989f9a77cfcfd3e47c2a354b01111771326f8aa26e0254"
            ],
            "index": "pypi",
            "version": "==1.16.0"
        },
        "smart-open": {
            "hashes": [
                "sha256:088bf00f9327c71e549bc2f86567d3320df5d89667f009ce1c16568976068ef7",
                "sha256:1b4df5c8365218f3852c507451920ccad606c80b0acb4e67508e50ba9b5d2632"
            ],
            "index": "pypi",
            "version": "==6.2.0"
        },
        "sqlparse": {
            "hashes": [
                "sha256:0323c0ec29cd52bceabc1b4d9d579e311f3e4961b98d174201d5622a23b85e34",
                "sha256:69ca804846bb114d2ec380e4360a8a340db83f0ccf3afceeb1404df028f57268"
            ],
            "index": "pypi",
            "version": "==0.4.3"
        },
        "torch": {
            "hashes": [
                "sha256:0fdd38c96230947b1ed870fed4a560252f8d23c3a2bf4dab9d2d42b18f2e67c8",
                "sha256:220325d0f4e69ee9edf00c04208244ef7cf22ebce083815ce272c7491f0603f5",
                "sha256:43db0723fc66ad6486f86dc4890c497937f7cd27429f28f73fb7e4d74b7482e2",
                "sha256:47fe6228386bff6d74319a2ffe9d4ed943e6e85473d78e80502518c607d644d2",
                "sha256:49a949b8136b32b2ec0724cbf4c6678b54e974b7d68f19f1231eea21cde5c23b",
                "sha256:4a378f5091307381abfb30eb821174e12986f39b1cf7c4522bf99155256819eb",
                "sha256:635dbb99d981a6483ca533b3dc7be18ef08dd9e1e96fb0bb0e6a99d79e85a130",
                "sha256:6c227c16626e4ce766cca5351cc62a2358a11e8e466410a298487b9dff159eb1",
                "sha256:857c7d5b1624c5fd979f66d2b074765733dba3f5e1cc97b7d6909155a2aae3ce",
                "sha256:9197ec216833b836b67e4d68e513d31fb38d9789d7cd998a08fba5b499c38454",
                "sha256:922a4910613b310fbeb87707f00cb76fec328eb60cc1349ed2173e7c9b6edcd8",
                "sha256:9ac382cedaf2f70afea41380ad8e7c06acef6b5b7e2aef3971cdad666ca6e185",
                "sha256:bb33a911460475d1594a8c8cb73f58c08293211760796d99cae8c2509b86d7f1",
                "sha256:cd1e67db6575e1b173a626077a54e4911133178557aac50683db03a34e2b636a",
                "sha256:d2d2753519415d154de4d3e64d2eaaeefdba6b6fd7d69d5ffaef595988117700",
                "sha256:e20df14d874b024851c58e8bb3846249cb120e677f7463f60c986e3661f88680",
                "sha256:e643ac8d086706e82f77b5d4dfcf145a9dd37b69e03e64177fc23821754d2ed7",
                "sha256:ef934a21da6f6a516d0a9c712a80d09c56128abdc6af8dc151bee5199b4c3b4e",
                "sha256:f01a9ae0d4b69d2fc4145e8beab45b7877342dddbd4838a7d3c11ca7f6680745",
                "sha256:f68edfea71ade3862039ba66bcedf954190a2db03b0c41a9b79afd72210abd97",
                "sha256:fa768432ce4b8ffa29184c79a3376ab3de4a57b302cdf3c026a6be4c5a8ab75b"
            ],
            "index": "pypi",
            "version": "==1.13.0"
        },
        "torchtext": {
            "hashes": [
                "sha256:08a6f390a4d6c93069db8be677a222c75658cd6caccc6c3a246c410938dcf871",
                "sha256:0a9dc1c0b9a4f19244313cef4bc83f462bd2d67065dbe0637face9670338826f",
                "sha256:10a01f90e7c0d02b995bc06499c4dbcd581d721f74c0ffb7a735cc1df66d92d5",
                "sha256:2abb873d1466f9548e5b790f1f720dddd67cc67d785e9709a7d1cc975699f7fa",
                "sha256:2d4720fe5bac3202537fd4ba1b43f3c7fde9dcd3018d57fc449d11b4f73ae93a",
                "sha256:32021ddd8e0ce3cfda0ae3aa47882f9d620b41702c631ca83e9de2706b66e991",
                "sha256:34da232d2180ac7366ddc64468eb1f0e98f38cbda5afb2570f99061a276af6cf",
                "sha256:4c41eb544c21c2abe0ef979256e4eb166a763213966e434d24841bfc6c265a4a",
                "sha256:50cb3313e39c03c3dec00686a0379df1dbac525135d3761af96baf9c40d67606",
                "sha256:8a700b824fdcc9db96a37d7e54bc9621353835ed5436b3f848c12657edeecf3f",
                "sha256:940a899d39650270091cc099e43458c908e0f5e97908486d38f37b2c732d5efe",
                "sha256:9bc5e610bd16e6bf882434b84827750dbb12f029ab358f7ccdd6208ae6af4e8d",
                "sha256:9f671e1e406b76faa16ce5cd5cb7a78a1a8802b705a96f6dc1b4d80406a15f2d",
                "sha256:b3ac9720087abd47f449f4de7054cda3837bd72b1b9dd659662d778ab1b77f93",
                "sha256:f5d17e57b7652db98a7c0c786e29579e5344ed7abbcbbb84c69e47aa56c03dc3",
                "sha256:ffece1bf41757f9432146eba4b5dea9fd5e9ef54f88c9c25a90a0150056475bb"
            ],
            "index": "pypi",
            "version": "==0.14.0"
        },
        "tqdm": {
            "hashes": [
                "sha256:5f4f682a004951c1b450bc753c710e9280c5746ce6ffedee253ddbcbf54cf1e4",
                "sha256:6fee160d6ffcd1b1c68c65f14c829c22832bc401726335ce92c52d395944a6a1"
            ],
            "index": "pypi",
            "version": "==4.64.1"
        },
        "typing-extensions": {
            "hashes": [
                "sha256:1511434bb92bf8dd198c12b1cc812e800d4181cfcb867674e0f8279cc93087aa",
                "sha256:16fa4864408f655d35ec496218b85f79b3437c829e93320c7c9215ccfd92489e"
            ],
            "index": "pypi",
            "version": "==4.4.0"
        },
        "urllib3": {
            "hashes": [
                "sha256:3fa96cf423e6987997fc326ae8df396db2a8b7c667747d47ddd8ecba91f4a74e",
                "sha256:b930dd878d5a8afb066a637fbb35144fe7901e3b209d1cd4f524bd0e9deee997"
            ],
            "index": "pypi",
            "version": "==1.26.12"
        },
        "virtualenv": {
            "hashes": [
                "sha256:186ca84254abcbde98180fd17092f9628c5fe742273c02724972a1d8a2035108",
                "sha256:530b850b523c6449406dfba859d6345e48ef19b8439606c5d74d7d3c9e14d76e"
            ],
            "index": "pypi",
            "version": "==20.16.6"
        },
        "virtualenv-clone": {
            "hashes": [
                "sha256:418ee935c36152f8f153c79824bb93eaf6f0f7984bae31d3f48f350b9183501a",
                "sha256:44d5263bceed0bac3e1424d64f798095233b64def1c5689afa43dc3223caf5b0"
            ],
            "index": "pypi",
            "version": "==0.5.7"
        },
        "yarg": {
            "hashes": [
                "sha256:4f9cebdc00fac946c9bf2783d634e538a71c7d280a4d806d45fd4dc0ef441492",
                "sha256:55695bf4d1e3e7f756496c36a69ba32c40d18f821e38f61d028f6049e5e15911"
            ],
            "index": "pypi",
            "version": "==0.1.9"
        }
    },
    "develop": {}
}
